
Microsoft Visual Studio Solution File, Format Version 11.00
# Visual Studio 2010
Project("{FAE04EC0-301F-11D3-BF4B-00C04F79EFBC}") = "Assembly-CSharp", "Assembly-CSharp.csproj", "{366D57E8-79C9-C32D-9C44-DC660D22694D}"
EndProject
Project("{FAE04EC0-301F-11D3-BF4B-00C04F79EFBC}") = "Assembly-CSharp-firstpass", "Assembly-CSharp-firstpass.csproj", "{53D0C2F6-CD04-C9DD-405D-6C95C64CB22A}"
EndProject
Project("{FAE04EC0-301F-11D3-BF4B-00C04F79EFBC}") = "Assembly-CSharp-Editor-firstpass", "Assembly-CSharp-Editor-firstpass.csproj", "{7696C2BA-83BE-CB7B-2170-B3A178F9E7DA}"
EndProject
Global
	GlobalSection(SolutionConfigurationPlatforms) = preSolution
		Debug|Any CPU = Debug|Any CPU
		Release|Any CPU = Release|Any CPU
	EndGlobalSection
	GlobalSection(ProjectConfigurationPlatforms) = postSolution
		{366D57E8-79C9-C32D-9C44-DC660D22694D}.Debug|Any CPU.ActiveCfg = Debug|Any CPU
		{366D57E8-79C9-C32D-9C44-DC660D22694D}.Debug|Any CPU.Build.0 = Debug|Any CPU
		{366D57E8-79C9-C32D-9C44-DC660D22694D}.Release|Any CPU.ActiveCfg = Release|Any CPU
		{366D57E8-79C9-C32D-9C44-DC660D22694D}.Release|Any CPU.Build.0 = Release|Any CPU
		{53D0C2F6-CD04-C9DD-405D-6C95C64CB22A}.Debug|Any CPU.ActiveCfg = Debug|Any CPU
		{53D0C2F6-CD04-C9DD-405D-6C95C64CB22A}.Debug|Any CPU.Build.0 = Debug|Any CPU
		{53D0C2F6-CD04-C9DD-405D-6C95C64CB22A}.Release|Any CPU.ActiveCfg = Release|Any CPU
		{53D0C2F6-CD04-C9DD-405D-6C95C64CB22A}.Release|Any CPU.Build.0 = Release|Any CPU
		{7696C2BA-83BE-CB7B-2170-B3A178F9E7DA}.Debug|Any CPU.ActiveCfg = Debug|Any CPU
		{7696C2BA-83BE-CB7B-2170-B3A178F9E7DA}.Debug|Any CPU.Build.0 = Debug|Any CPU
		{7696C2BA-83BE-CB7B-2170-B3A178F9E7DA}.Release|Any CPU.ActiveCfg = Release|Any CPU
		{7696C2BA-83BE-CB7B-2170-B3A178F9E7DA}.Release|Any CPU.Build.0 = Release|Any CPU
	EndGlobalSection
	GlobalSection(SolutionProperties) = preSolution
		HideSolutionNode = FALSE
	EndGlobalSection
EndGlobal
